
Microsoft Visual Studio Solution File, Format Version 12.00
# Visual Studio Version 17
VisualStudioVersion = 17.0.31903.59
MinimumVisualStudioVersion = 10.0.40219.1
Project("{FAE04EC0-301F-11D3-BF4B-00C04F79EFBC}") = "Domain", "Domain\Domain.csproj", "{50667519-169C-4DD1-B75B-A29E561FB9C6}"
EndProject
Project("{FAE04EC0-301F-11D3-BF4B-00C04F79EFBC}") = "Application", "Application\Application.csproj", "{260A7490-F656-403A-9999-D6A811057890}"
EndProject
Project("{FAE04EC0-301F-11D3-BF4B-00C04F79EFBC}") = "Infrastructure", "Infrastructure\Infrastructure.csproj", "{DA41DC8F-B7B6-4E5D-B610-3336F3B71A38}"
EndProject
Project("{FAE04EC0-301F-11D3-BF4B-00C04F79EFBC}") = "API", "API\API.csproj", "{ADAC8D42-1B39-49A3-B9CA-E75831C9F251}"
EndProject
Global
	GlobalSection(SolutionConfigurationPlatforms) = preSolution
		Debug|Any CPU = Debug|Any CPU
		Release|Any CPU = Release|Any CPU
	EndGlobalSection
	GlobalSection(SolutionProperties) = preSolution
		HideSolutionNode = FALSE
	EndGlobalSection
	GlobalSection(ProjectConfigurationPlatforms) = postSolution
		{50667519-169C-4DD1-B75B-A29E561FB9C6}.Debug|Any CPU.ActiveCfg = Debug|Any CPU
		{50667519-169C-4DD1-B75B-A29E561FB9C6}.Debug|Any CPU.Build.0 = Debug|Any CPU
		{50667519-169C-4DD1-B75B-A29E561FB9C6}.Release|Any CPU.ActiveCfg = Release|Any CPU
		{50667519-169C-4DD1-B75B-A29E561FB9C6}.Release|Any CPU.Build.0 = Release|Any CPU
		{260A7490-F656-403A-9999-D6A811057890}.Debug|Any CPU.ActiveCfg = Debug|Any CPU
		{260A7490-F656-403A-9999-D6A811057890}.Debug|Any CPU.Build.0 = Debug|Any CPU
		{260A7490-F656-403A-9999-D6A811057890}.Release|Any CPU.ActiveCfg = Release|Any CPU
		{260A7490-F656-403A-9999-D6A811057890}.Release|Any CPU.Build.0 = Release|Any CPU
		{DA41DC8F-B7B6-4E5D-B610-3336F3B71A38}.Debug|Any CPU.ActiveCfg = Debug|Any CPU
		{DA41DC8F-B7B6-4E5D-B610-3336F3B71A38}.Debug|Any CPU.Build.0 = Debug|Any CPU
		{DA41DC8F-B7B6-4E5D-B610-3336F3B71A38}.Release|Any CPU.ActiveCfg = Release|Any CPU
		{DA41DC8F-B7B6-4E5D-B610-3336F3B71A38}.Release|Any CPU.Build.0 = Release|Any CPU
		{ADAC8D42-1B39-49A3-B9CA-E75831C9F251}.Debug|Any CPU.ActiveCfg = Debug|Any CPU
		{ADAC8D42-1B39-49A3-B9CA-E75831C9F251}.Debug|Any CPU.Build.0 = Debug|Any CPU
		{ADAC8D42-1B39-49A3-B9CA-E75831C9F251}.Release|Any CPU.ActiveCfg = Release|Any CPU
		{ADAC8D42-1B39-49A3-B9CA-E75831C9F251}.Release|Any CPU.Build.0 = Release|Any CPU
	EndGlobalSection
EndGlobal
